
Microsoft Visual Studio Solution File, Format Version 12.00
# Visual Studio 15
VisualStudioVersion = 15.0.27703.2000
MinimumVisualStudioVersion = 10.0.40219.1
Project("{FAE04EC0-301F-11D3-BF4B-00C04F79EFBC}") = "RptToRdlc", "RptToRdlc\RptToRdlc.csproj", "{EE2B6D2B-BFB0-4EDD-967A-1ED3475CB0E0}"
EndProject
Global
	GlobalSection(SolutionConfigurationPlatforms) = preSolution
		Debug|Any CPU = Debug|Any CPU
		Release|Any CPU = Release|Any CPU
	EndGlobalSection
	GlobalSection(ProjectConfigurationPlatforms) = postSolution
		{EE2B6D2B-BFB0-4EDD-967A-1ED3475CB0E0}.Debug|Any CPU.ActiveCfg = Debug|Any CPU
		{EE2B6D2B-BFB0-4EDD-967A-1ED3475CB0E0}.Debug|Any CPU.Build.0 = Debug|Any CPU
		{EE2B6D2B-BFB0-4EDD-967A-1ED3475CB0E0}.Release|Any CPU.ActiveCfg = Release|Any CPU
		{EE2B6D2B-BFB0-4EDD-967A-1ED3475CB0E0}.Release|Any CPU.Build.0 = Release|Any CPU
	EndGlobalSection
	GlobalSection(SolutionProperties) = preSolution
		HideSolutionNode = FALSE
	EndGlobalSection
	GlobalSection(ExtensibilityGlobals) = postSolution
		SolutionGuid = {2B0FCBF6-8C8F-422F-86D0-0CF27300A3E0}
	EndGlobalSection
EndGlobal
